// !$*UTF8*$!
{
	archiveVersion = 1;
	classes = {
	};
	objectVersion = 55;
	objects = {

/* Begin PBXBuildFile section */
		17DAE42B2760865D00D6C48B /* PrincipalView.swift in Sources */ = {isa = PBXBuildFile; fileRef = 17DAE42A2760865D00D6C48B /* PrincipalView.swift */; };
		17DAE42D27611CC600D6C48B /* loginViewController.swift in Sources */ = {isa = PBXBuildFile; fileRef = 17DAE42C27611CC600D6C48B /* loginViewController.swift */; };
		17DAE42F27612CB300D6C48B /* registerViewController.swift in Sources */ = {isa = PBXBuildFile; fileRef = 17DAE42E27612CB300D6C48B /* registerViewController.swift */; };
		17DAE431276149D700D6C48B /* menuItems.swift in Sources */ = {isa = PBXBuildFile; fileRef = 17DAE430276149D700D6C48B /* menuItems.swift */; };
		AB98CD0D27516689008D8586 /* dislikeSeleccionado.png in Resources */ = {isa = PBXBuildFile; fileRef = AB98CD0B27516688008D8586 /* dislikeSeleccionado.png */; };
		AB98CD0E27516689008D8586 /* likeSeleccionado.png in Resources */ = {isa = PBXBuildFile; fileRef = AB98CD0C27516689008D8586 /* likeSeleccionado.png */; };
		AB98CD102751ACCF008D8586 /* Video2ViewController.swift in Sources */ = {isa = PBXBuildFile; fileRef = AB98CD0F2751ACCF008D8586 /* Video2ViewController.swift */; };
		ABB4E18227506E8C00F5D38A /* AppDelegate.swift in Sources */ = {isa = PBXBuildFile; fileRef = ABB4E18127506E8C00F5D38A /* AppDelegate.swift */; };
		ABB4E18427506E8C00F5D38A /* SceneDelegate.swift in Sources */ = {isa = PBXBuildFile; fileRef = ABB4E18327506E8C00F5D38A /* SceneDelegate.swift */; };
		ABB4E18627506E8C00F5D38A /* ViewController.swift in Sources */ = {isa = PBXBuildFile; fileRef = ABB4E18527506E8C00F5D38A /* ViewController.swift */; };
		ABB4E18927506E8C00F5D38A /* Main.storyboard in Resources */ = {isa = PBXBuildFile; fileRef = ABB4E18727506E8C00F5D38A /* Main.storyboard */; };
		ABB4E18B27506E8E00F5D38A /* Assets.xcassets in Resources */ = {isa = PBXBuildFile; fileRef = ABB4E18A27506E8E00F5D38A /* Assets.xcassets */; };
		ABB4E18E27506E8E00F5D38A /* LaunchScreen.storyboard in Resources */ = {isa = PBXBuildFile; fileRef = ABB4E18C27506E8E00F5D38A /* LaunchScreen.storyboard */; };
		ABB4E19927506E8F00F5D38A /* Movil_UTTvTests.swift in Sources */ = {isa = PBXBuildFile; fileRef = ABB4E19827506E8F00F5D38A /* Movil_UTTvTests.swift */; };
		ABB4E1A327506E8F00F5D38A /* Movil_UTTvUITests.swift in Sources */ = {isa = PBXBuildFile; fileRef = ABB4E1A227506E8F00F5D38A /* Movil_UTTvUITests.swift */; };
		ABB4E1A527506E8F00F5D38A /* Movil_UTTvUITestsLaunchTests.swift in Sources */ = {isa = PBXBuildFile; fileRef = ABB4E1A427506E8F00F5D38A /* Movil_UTTvUITestsLaunchTests.swift */; };
		ABB4E1B327506ED300F5D38A /* LogoFinalRedondo.png in Resources */ = {isa = PBXBuildFile; fileRef = ABB4E1B227506ED300F5D38A /* LogoFinalRedondo.png */; };
		ABB4E1B527509B7300F5D38A /* VideosController.swift in Sources */ = {isa = PBXBuildFile; fileRef = ABB4E1B427509B7200F5D38A /* VideosController.swift */; };
		ABC15F3427536EAF00E6F0E6 /* ResultadosViewController.swift in Sources */ = {isa = PBXBuildFile; fileRef = ABC15F3327536EAF00E6F0E6 /* ResultadosViewController.swift */; };
		ABD039F42750B05500EBFC2D /* LupaBlanca.png in Resources */ = {isa = PBXBuildFile; fileRef = ABD039F12750B05400EBFC2D /* LupaBlanca.png */; };
		ABD039F52750B05500EBFC2D /* DislikeBlanco.png in Resources */ = {isa = PBXBuildFile; fileRef = ABD039F22750B05400EBFC2D /* DislikeBlanco.png */; };
		ABD039F62750B05500EBFC2D /* LikeBlanco.png in Resources */ = {isa = PBXBuildFile; fileRef = ABD039F32750B05500EBFC2D /* LikeBlanco.png */; };
		ABD3670F275359890023FBFC /* Video3ViewController.swift in Sources */ = {isa = PBXBuildFile; fileRef = ABD3670E275359890023FBFC /* Video3ViewController.swift */; };
		ABD36711275364CD0023FBFC /* SinResultadosViewController.swift in Sources */ = {isa = PBXBuildFile; fileRef = ABD36710275364CD0023FBFC /* SinResultadosViewController.swift */; };
		ABD36713275368FB0023FBFC /* cross.png in Resources */ = {isa = PBXBuildFile; fileRef = ABD36712275368FB0023FBFC /* cross.png */; };
		ABF7EAD12753DFA400DA5B6B /* BuscadorViewController.swift in Sources */ = {isa = PBXBuildFile; fileRef = ABF7EAD02753DFA400DA5B6B /* BuscadorViewController.swift */; };
/* End PBXBuildFile section */

/* Begin PBXContainerItemProxy section */
		ABB4E19527506E8F00F5D38A /* PBXContainerItemProxy */ = {
			isa = PBXContainerItemProxy;
			containerPortal = ABB4E17627506E8B00F5D38A /* Project object */;
			proxyType = 1;
			remoteGlobalIDString = ABB4E17D27506E8B00F5D38A;
			remoteInfo = "Movil-UTTv";
		};
		ABB4E19F27506E8F00F5D38A /* PBXContainerItemProxy */ = {
			isa = PBXContainerItemProxy;
			containerPortal = ABB4E17627506E8B00F5D38A /* Project object */;
			proxyType = 1;
			remoteGlobalIDString = ABB4E17D27506E8B00F5D38A;
			remoteInfo = "Movil-UTTv";
		};
/* End PBXContainerItemProxy section */

/* Begin PBXFileReference section */
		17DAE42A2760865D00D6C48B /* PrincipalView.swift */ = {isa = PBXFileReference; lastKnownFileType = sourcecode.swift; path = PrincipalView.swift; sourceTree = "<group>"; };
		17DAE42C27611CC600D6C48B /* loginViewController.swift */ = {isa = PBXFileReference; lastKnownFileType = sourcecode.swift; path = loginViewController.swift; sourceTree = "<group>"; };
		17DAE42E27612CB300D6C48B /* registerViewController.swift */ = {isa = PBXFileReference; lastKnownFileType = sourcecode.swift; path = registerViewController.swift; sourceTree = "<group>"; };
		17DAE430276149D700D6C48B /* menuItems.swift */ = {isa = PBXFileReference; lastKnownFileType = sourcecode.swift; path = menuItems.swift; sourceTree = "<group>"; };
		AB98CD0B27516688008D8586 /* dislikeSeleccionado.png */ = {isa = PBXFileReference; lastKnownFileType = image.png; path = dislikeSeleccionado.png; sourceTree = "<group>"; };
		AB98CD0C27516689008D8586 /* likeSeleccionado.png */ = {isa = PBXFileReference; lastKnownFileType = image.png; path = likeSeleccionado.png; sourceTree = "<group>"; };
		AB98CD0F2751ACCF008D8586 /* Video2ViewController.swift */ = {isa = PBXFileReference; lastKnownFileType = sourcecode.swift; path = Video2ViewController.swift; sourceTree = "<group>"; };
		ABB4E17E27506E8C00F5D38A /* Movil-UTTv.app */ = {isa = PBXFileReference; explicitFileType = wrapper.application; includeInIndex = 0; path = "Movil-UTTv.app"; sourceTree = BUILT_PRODUCTS_DIR; };
		ABB4E18127506E8C00F5D38A /* AppDelegate.swift */ = {isa = PBXFileReference; lastKnownFileType = sourcecode.swift; path = AppDelegate.swift; sourceTree = "<group>"; };
		ABB4E18327506E8C00F5D38A /* SceneDelegate.swift */ = {isa = PBXFileReference; lastKnownFileType = sourcecode.swift; path = SceneDelegate.swift; sourceTree = "<group>"; };
		ABB4E18527506E8C00F5D38A /* ViewController.swift */ = {isa = PBXFileReference; lastKnownFileType = sourcecode.swift; path = ViewController.swift; sourceTree = "<group>"; };
		ABB4E18827506E8C00F5D38A /* Base */ = {isa = PBXFileReference; lastKnownFileType = file.storyboard; name = Base; path = Base.lproj/Main.storyboard; sourceTree = "<group>"; };
		ABB4E18A27506E8E00F5D38A /* Assets.xcassets */ = {isa = PBXFileReference; lastKnownFileType = folder.assetcatalog; path = Assets.xcassets; sourceTree = "<group>"; };
		ABB4E18D27506E8E00F5D38A /* Base */ = {isa = PBXFileReference; lastKnownFileType = file.storyboard; name = Base; path = Base.lproj/LaunchScreen.storyboard; sourceTree = "<group>"; };
		ABB4E18F27506E8E00F5D38A /* Info.plist */ = {isa = PBXFileReference; lastKnownFileType = text.plist.xml; path = Info.plist; sourceTree = "<group>"; };
		ABB4E19427506E8F00F5D38A /* Movil-UTTvTests.xctest */ = {isa = PBXFileReference; explicitFileType = wrapper.cfbundle; includeInIndex = 0; path = "Movil-UTTvTests.xctest"; sourceTree = BUILT_PRODUCTS_DIR; };
		ABB4E19827506E8F00F5D38A /* Movil_UTTvTests.swift */ = {isa = PBXFileReference; lastKnownFileType = sourcecode.swift; path = Movil_UTTvTests.swift; sourceTree = "<group>"; };
		ABB4E19E27506E8F00F5D38A /* Movil-UTTvUITests.xctest */ = {isa = PBXFileReference; explicitFileType = wrapper.cfbundle; includeInIndex = 0; path = "Movil-UTTvUITests.xctest"; sourceTree = BUILT_PRODUCTS_DIR; };
		ABB4E1A227506E8F00F5D38A /* Movil_UTTvUITests.swift */ = {isa = PBXFileReference; lastKnownFileType = sourcecode.swift; path = Movil_UTTvUITests.swift; sourceTree = "<group>"; };
		ABB4E1A427506E8F00F5D38A /* Movil_UTTvUITestsLaunchTests.swift */ = {isa = PBXFileReference; lastKnownFileType = sourcecode.swift; path = Movil_UTTvUITestsLaunchTests.swift; sourceTree = "<group>"; };
		ABB4E1B227506ED300F5D38A /* LogoFinalRedondo.png */ = {isa = PBXFileReference; lastKnownFileType = image.png; path = LogoFinalRedondo.png; sourceTree = "<group>"; };
		ABB4E1B427509B7200F5D38A /* VideosController.swift */ = {isa = PBXFileReference; lastKnownFileType = sourcecode.swift; path = VideosController.swift; sourceTree = "<group>"; };
		ABC15F3327536EAF00E6F0E6 /* ResultadosViewController.swift */ = {isa = PBXFileReference; lastKnownFileType = sourcecode.swift; path = ResultadosViewController.swift; sourceTree = "<group>"; };
		ABD039F12750B05400EBFC2D /* LupaBlanca.png */ = {isa = PBXFileReference; lastKnownFileType = image.png; path = LupaBlanca.png; sourceTree = "<group>"; };
		ABD039F22750B05400EBFC2D /* DislikeBlanco.png */ = {isa = PBXFileReference; lastKnownFileType = image.png; path = DislikeBlanco.png; sourceTree = "<group>"; };
		ABD039F32750B05500EBFC2D /* LikeBlanco.png */ = {isa = PBXFileReference; lastKnownFileType = image.png; path = LikeBlanco.png; sourceTree = "<group>"; };
		ABD3670E275359890023FBFC /* Video3ViewController.swift */ = {isa = PBXFileReference; lastKnownFileType = sourcecode.swift; path = Video3ViewController.swift; sourceTree = "<group>"; };
		ABD36710275364CD0023FBFC /* SinResultadosViewController.swift */ = {isa = PBXFileReference; lastKnownFileType = sourcecode.swift; path = SinResultadosViewController.swift; sourceTree = "<group>"; };
		ABD36712275368FB0023FBFC /* cross.png */ = {isa = PBXFileReference; lastKnownFileType = image.png; path = cross.png; sourceTree = "<group>"; };
		ABF7EAD02753DFA400DA5B6B /* BuscadorViewController.swift */ = {isa = PBXFileReference; lastKnownFileType = sourcecode.swift; path = BuscadorViewController.swift; sourceTree = "<group>"; };
/* End PBXFileReference section */

/* Begin PBXFrameworksBuildPhase section */
		ABB4E17B27506E8B00F5D38A /* Frameworks */ = {
			isa = PBXFrameworksBuildPhase;
			buildActionMask = 2147483647;
			files = (
			);
			runOnlyForDeploymentPostprocessing = 0;
		};
		ABB4E19127506E8F00F5D38A /* Frameworks */ = {
			isa = PBXFrameworksBuildPhase;
			buildActionMask = 2147483647;
			files = (
			);
			runOnlyForDeploymentPostprocessing = 0;
		};
		ABB4E19B27506E8F00F5D38A /* Frameworks */ = {
			isa = PBXFrameworksBuildPhase;
			buildActionMask = 2147483647;
			files = (
			);
			runOnlyForDeploymentPostprocessing = 0;
		};
/* End PBXFrameworksBuildPhase section */

/* Begin PBXGroup section */
		ABB4E17527506E8B00F5D38A = {
			isa = PBXGroup;
			children = (
				ABB4E18027506E8C00F5D38A /* Movil-UTTv */,
				ABB4E19727506E8F00F5D38A /* Movil-UTTvTests */,
				ABB4E1A127506E8F00F5D38A /* Movil-UTTvUITests */,
				ABB4E17F27506E8C00F5D38A /* Products */,
			);
			sourceTree = "<group>";
		};
		ABB4E17F27506E8C00F5D38A /* Products */ = {
			isa = PBXGroup;
			children = (
				ABB4E17E27506E8C00F5D38A /* Movil-UTTv.app */,
				ABB4E19427506E8F00F5D38A /* Movil-UTTvTests.xctest */,
				ABB4E19E27506E8F00F5D38A /* Movil-UTTvUITests.xctest */,
			);
			name = Products;
			sourceTree = "<group>";
		};
		ABB4E18027506E8C00F5D38A /* Movil-UTTv */ = {
			isa = PBXGroup;
			children = (
				ABB4E1B127506EA900F5D38A /* Recursos */,
				17DAE430276149D700D6C48B /* menuItems.swift */,
				ABB4E18127506E8C00F5D38A /* AppDelegate.swift */,
				ABB4E18327506E8C00F5D38A /* SceneDelegate.swift */,
				ABB4E18527506E8C00F5D38A /* ViewController.swift */,
				ABB4E18727506E8C00F5D38A /* Main.storyboard */,
				17DAE42A2760865D00D6C48B /* PrincipalView.swift */,
				17DAE42C27611CC600D6C48B /* loginViewController.swift */,
				17DAE42E27612CB300D6C48B /* registerViewController.swift */,
				ABB4E18A27506E8E00F5D38A /* Assets.xcassets */,
				ABB4E18C27506E8E00F5D38A /* LaunchScreen.storyboard */,
				ABB4E18F27506E8E00F5D38A /* Info.plist */,
				ABB4E1B427509B7200F5D38A /* VideosController.swift */,
				AB98CD0F2751ACCF008D8586 /* Video2ViewController.swift */,
				ABD3670E275359890023FBFC /* Video3ViewController.swift */,
				ABD36710275364CD0023FBFC /* SinResultadosViewController.swift */,
				ABC15F3327536EAF00E6F0E6 /* ResultadosViewController.swift */,
				ABF7EAD02753DFA400DA5B6B /* BuscadorViewController.swift */,
			);
			path = "Movil-UTTv";
			sourceTree = "<group>";
		};
		ABB4E19727506E8F00F5D38A /* Movil-UTTvTests */ = {
			isa = PBXGroup;
			children = (
				ABB4E19827506E8F00F5D38A /* Movil_UTTvTests.swift */,
			);
			path = "Movil-UTTvTests";
			sourceTree = "<group>";
		};
		ABB4E1A127506E8F00F5D38A /* Movil-UTTvUITests */ = {
			isa = PBXGroup;
			children = (
				ABB4E1A227506E8F00F5D38A /* Movil_UTTvUITests.swift */,
				ABB4E1A427506E8F00F5D38A /* Movil_UTTvUITestsLaunchTests.swift */,
			);
			path = "Movil-UTTvUITests";
			sourceTree = "<group>";
		};
		ABB4E1B127506EA900F5D38A /* Recursos */ = {
			isa = PBXGroup;
			children = (
				ABD36712275368FB0023FBFC /* cross.png */,
				AB98CD0B27516688008D8586 /* dislikeSeleccionado.png */,
				AB98CD0C27516689008D8586 /* likeSeleccionado.png */,
				ABD039F22750B05400EBFC2D /* DislikeBlanco.png */,
				ABD039F32750B05500EBFC2D /* LikeBlanco.png */,
				ABD039F12750B05400EBFC2D /* LupaBlanca.png */,
				ABB4E1B227506ED300F5D38A /* LogoFinalRedondo.png */,
			);
			path = Recursos;
			sourceTree = "<group>";
		};
/* End PBXGroup section */

/* Begin PBXNativeTarget section */
		ABB4E17D27506E8B00F5D38A /* Movil-UTTv */ = {
			isa = PBXNativeTarget;
			buildConfigurationList = ABB4E1A827506E8F00F5D38A /* Build configuration list for PBXNativeTarget "Movil-UTTv" */;
			buildPhases = (
				ABB4E17A27506E8B00F5D38A /* Sources */,
				ABB4E17B27506E8B00F5D38A /* Frameworks */,
				ABB4E17C27506E8B00F5D38A /* Resources */,
			);
			buildRules = (
			);
			dependencies = (
			);
			name = "Movil-UTTv";
			productName = "Movil-UTTv";
			productReference = ABB4E17E27506E8C00F5D38A /* Movil-UTTv.app */;
			productType = "com.apple.product-type.application";
		};
		ABB4E19327506E8F00F5D38A /* Movil-UTTvTests */ = {
			isa = PBXNativeTarget;
			buildConfigurationList = ABB4E1AB27506E8F00F5D38A /* Build configuration list for PBXNativeTarget "Movil-UTTvTests" */;
			buildPhases = (
				ABB4E19027506E8F00F5D38A /* Sources */,
				ABB4E19127506E8F00F5D38A /* Frameworks */,
				ABB4E19227506E8F00F5D38A /* Resources */,
			);
			buildRules = (
			);
			dependencies = (
				ABB4E19627506E8F00F5D38A /* PBXTargetDependency */,
			);
			name = "Movil-UTTvTests";
			productName = "Movil-UTTvTests";
			productReference = ABB4E19427506E8F00F5D38A /* Movil-UTTvTests.xctest */;
			productType = "com.apple.product-type.bundle.unit-test";
		};
		ABB4E19D27506E8F00F5D38A /* Movil-UTTvUITests */ = {
			isa = PBXNativeTarget;
			buildConfigurationList = ABB4E1AE27506E8F00F5D38A /* Build configuration list for PBXNativeTarget "Movil-UTTvUITests" */;
			buildPhases = (
				ABB4E19A27506E8F00F5D38A /* Sources */,
				ABB4E19B27506E8F00F5D38A /* Frameworks */,
				ABB4E19C27506E8F00F5D38A /* Resources */,
			);
			buildRules = (
			);
			dependencies = (
				ABB4E1A027506E8F00F5D38A /* PBXTargetDependency */,
			);
			name = "Movil-UTTvUITests";
			productName = "Movil-UTTvUITests";
			productReference = ABB4E19E27506E8F00F5D38A /* Movil-UTTvUITests.xctest */;
			productType = "com.apple.product-type.bundle.ui-testing";
		};
/* End PBXNativeTarget section */

/* Begin PBXProject section */
		ABB4E17627506E8B00F5D38A /* Project object */ = {
			isa = PBXProject;
			attributes = {
				BuildIndependentTargetsInParallel = 1;
				LastSwiftUpdateCheck = 1310;
				LastUpgradeCheck = 1310;
				TargetAttributes = {
					ABB4E17D27506E8B00F5D38A = {
						CreatedOnToolsVersion = 13.1;
					};
					ABB4E19327506E8F00F5D38A = {
						CreatedOnToolsVersion = 13.1;
						TestTargetID = ABB4E17D27506E8B00F5D38A;
					};
					ABB4E19D27506E8F00F5D38A = {
						CreatedOnToolsVersion = 13.1;
						TestTargetID = ABB4E17D27506E8B00F5D38A;
					};
				};
			};
			buildConfigurationList = ABB4E17927506E8B00F5D38A /* Build configuration list for PBXProject "Movil-UTTv" */;
			compatibilityVersion = "Xcode 13.0";
			developmentRegion = en;
			hasScannedForEncodings = 0;
			knownRegions = (
				en,
				Base,
			);
			mainGroup = ABB4E17527506E8B00F5D38A;
			productRefGroup = ABB4E17F27506E8C00F5D38A /* Products */;
			projectDirPath = "";
			projectRoot = "";
			targets = (
				ABB4E17D27506E8B00F5D38A /* Movil-UTTv */,
				ABB4E19327506E8F00F5D38A /* Movil-UTTvTests */,
				ABB4E19D27506E8F00F5D38A /* Movil-UTTvUITests */,
			);
		};
/* End PBXProject section */

/* Begin PBXResourcesBuildPhase section */
		ABB4E17C27506E8B00F5D38A /* Resources */ = {
			isa = PBXResourcesBuildPhase;
			buildActionMask = 2147483647;
			files = (
				ABD36713275368FB0023FBFC /* cross.png in Resources */,
				AB98CD0D27516689008D8586 /* dislikeSeleccionado.png in Resources */,
				ABD039F62750B05500EBFC2D /* LikeBlanco.png in Resources */,
				ABB4E18E27506E8E00F5D38A /* LaunchScreen.storyboard in Resources */,
				ABD039F42750B05500EBFC2D /* LupaBlanca.png in Resources */,
				ABB4E1B327506ED300F5D38A /* LogoFinalRedondo.png in Resources */,
				ABB4E18B27506E8E00F5D38A /* Assets.xcassets in Resources */,
				ABD039F52750B05500EBFC2D /* DislikeBlanco.png in Resources */,
				ABB4E18927506E8C00F5D38A /* Main.storyboard in Resources */,
				AB98CD0E27516689008D8586 /* likeSeleccionado.png in Resources */,
			);
			runOnlyForDeploymentPostprocessing = 0;
		};
		ABB4E19227506E8F00F5D38A /* Resources */ = {
			isa = PBXResourcesBuildPhase;
			buildActionMask = 2147483647;
			files = (
			);
			runOnlyForDeploymentPostprocessing = 0;
		};
		ABB4E19C27506E8F00F5D38A /* Resources */ = {
			isa = PBXResourcesBuildPhase;
			buildActionMask = 2147483647;
			files = (
			);
			runOnlyForDeploymentPostprocessing = 0;
		};
/* End PBXResourcesBuildPhase section */

/* Begin PBXSourcesBuildPhase section */
		ABB4E17A27506E8B00F5D38A /* Sources */ = {
			isa = PBXSourcesBuildPhase;
			buildActionMask = 2147483647;
			files = (
				ABD3670F275359890023FBFC /* Video3ViewController.swift in Sources */,
				17DAE42D27611CC600D6C48B /* loginViewController.swift in Sources */,
				ABD36711275364CD0023FBFC /* SinResultadosViewController.swift in Sources */,
				17DAE42F27612CB300D6C48B /* registerViewController.swift in Sources */,
				ABB4E18627506E8C00F5D38A /* ViewController.swift in Sources */,
				17DAE431276149D700D6C48B /* menuItems.swift in Sources */,
				ABB4E18227506E8C00F5D38A /* AppDelegate.swift in Sources */,
				ABB4E18427506E8C00F5D38A /* SceneDelegate.swift in Sources */,
				17DAE42B2760865D00D6C48B /* PrincipalView.swift in Sources */,
				ABF7EAD12753DFA400DA5B6B /* BuscadorViewController.swift in Sources */,
				AB98CD102751ACCF008D8586 /* Video2ViewController.swift in Sources */,
				ABC15F3427536EAF00E6F0E6 /* ResultadosViewController.swift in Sources */,
				ABB4E1B527509B7300F5D38A /* VideosController.swift in Sources */,
			);
			runOnlyForDeploymentPostprocessing = 0;
		};
		ABB4E19027506E8F00F5D38A /* Sources */ = {
			isa = PBXSourcesBuildPhase;
			buildActionMask = 2147483647;
			files = (
				ABB4E19927506E8F00F5D38A /* Movil_UTTvTests.swift in Sources */,
			);
			runOnlyForDeploymentPostprocessing = 0;
		};
		ABB4E19A27506E8F00F5D38A /* Sources */ = {
			isa = PBXSourcesBuildPhase;
			buildActionMask = 2147483647;
			files = (
				ABB4E1A327506E8F00F5D38A /* Movil_UTTvUITests.swift in Sources */,
				ABB4E1A527506E8F00F5D38A /* Movil_UTTvUITestsLaunchTests.swift in Sources */,
			);
			runOnlyForDeploymentPostprocessing = 0;
		};
/* End PBXSourcesBuildPhase section */

/* Begin PBXTargetDependency section */
		ABB4E19627506E8F00F5D38A /* PBXTargetDependency */ = {
			isa = PBXTargetDependency;
			target = ABB4E17D27506E8B00F5D38A /* Movil-UTTv */;
			targetProxy = ABB4E19527506E8F00F5D38A /* PBXContainerItemProxy */;
		};
		ABB4E1A027506E8F00F5D38A /* PBXTargetDependency */ = {
			isa = PBXTargetDependency;
			target = ABB4E17D27506E8B00F5D38A /* Movil-UTTv */;
			targetProxy = ABB4E19F27506E8F00F5D38A /* PBXContainerItemProxy */;
		};
/* End PBXTargetDependency section */

/* Begin PBXVariantGroup section */
		ABB4E18727506E8C00F5D38A /* Main.storyboard */ = {
			isa = PBXVariantGroup;
			children = (
				ABB4E18827506E8C00F5D38A /* Base */,
			);
			name = Main.storyboard;
			sourceTree = "<group>";
		};
		ABB4E18C27506E8E00F5D38A /* LaunchScreen.storyboard */ = {
			isa = PBXVariantGroup;
			children = (
				ABB4E18D27506E8E00F5D38A /* Base */,
			);
			name = LaunchScreen.storyboard;
			sourceTree = "<group>";
		};
/* End PBXVariantGroup section */

/* Begin XCBuildConfiguration section */
		ABB4E1A627506E8F00F5D38A /* Debug */ = {
			isa = XCBuildConfiguration;
			buildSettings = {
				ALWAYS_SEARCH_USER_PATHS = NO;
				CLANG_ANALYZER_NONNULL = YES;
				CLANG_ANALYZER_NUMBER_OBJECT_CONVERSION = YES_AGGRESSIVE;
				CLANG_CXX_LANGUAGE_STANDARD = "gnu++17";
				CLANG_CXX_LIBRARY = "libc++";
				CLANG_ENABLE_MODULES = YES;
				CLANG_ENABLE_OBJC_ARC = YES;
				CLANG_ENABLE_OBJC_WEAK = YES;
				CLANG_WARN_BLOCK_CAPTURE_AUTORELEASING = YES;
				CLANG_WARN_BOOL_CONVERSION = YES;
				CLANG_WARN_COMMA = YES;
				CLANG_WARN_CONSTANT_CONVERSION = YES;
				CLANG_WARN_DEPRECATED_OBJC_IMPLEMENTATIONS = YES;
				CLANG_WARN_DIRECT_OBJC_ISA_USAGE = YES_ERROR;
				CLANG_WARN_DOCUMENTATION_COMMENTS = YES;
				CLANG_WARN_EMPTY_BODY = YES;
				CLANG_WARN_ENUM_CONVERSION = YES;
				CLANG_WARN_INFINITE_RECURSION = YES;
				CLANG_WARN_INT_CONVERSION = YES;
				CLANG_WARN_NON_LITERAL_NULL_CONVERSION = YES;
				CLANG_WARN_OBJC_IMPLICIT_RETAIN_SELF = YES;
				CLANG_WARN_OBJC_LITERAL_CONVERSION = YES;
				CLANG_WARN_OBJC_ROOT_CLASS = YES_ERROR;
				CLANG_WARN_QUOTED_INCLUDE_IN_FRAMEWORK_HEADER = YES;
				CLANG_WARN_RANGE_LOOP_ANALYSIS = YES;
				CLANG_WARN_STRICT_PROTOTYPES = YES;
				CLANG_WARN_SUSPICIOUS_MOVE = YES;
				CLANG_WARN_UNGUARDED_AVAILABILITY = YES_AGGRESSIVE;
				CLANG_WARN_UNREACHABLE_CODE = YES;
				CLANG_WARN__DUPLICATE_METHOD_MATCH = YES;
				COPY_PHASE_STRIP = NO;
				DEBUG_INFORMATION_FORMAT = dwarf;
				ENABLE_STRICT_OBJC_MSGSEND = YES;
				ENABLE_TESTABILITY = YES;
				GCC_C_LANGUAGE_STANDARD = gnu11;
				GCC_DYNAMIC_NO_PIC = NO;
				GCC_NO_COMMON_BLOCKS = YES;
				GCC_OPTIMIZATION_LEVEL = 0;
				GCC_PREPROCESSOR_DEFINITIONS = (
					"DEBUG=1",
					"$(inherited)",
				);
				GCC_WARN_64_TO_32_BIT_CONVERSION = YES;
				GCC_WARN_ABOUT_RETURN_TYPE = YES_ERROR;
				GCC_WARN_UNDECLARED_SELECTOR = YES;
				GCC_WARN_UNINITIALIZED_AUTOS = YES_AGGRESSIVE;
				GCC_WARN_UNUSED_FUNCTION = YES;
				GCC_WARN_UNUSED_VARIABLE = YES;
				IPHONEOS_DEPLOYMENT_TARGET = 15.0;
				MTL_ENABLE_DEBUG_INFO = INCLUDE_SOURCE;
				MTL_FAST_MATH = YES;
				ONLY_ACTIVE_ARCH = YES;
				SDKROOT = iphoneos;
				SWIFT_ACTIVE_COMPILATION_CONDITIONS = DEBUG;
				SWIFT_OPTIMIZATION_LEVEL = "-Onone";
			};
			name = Debug;
		};
		ABB4E1A727506E8F00F5D38A /* Release */ = {
			isa = XCBuildConfiguration;
			buildSettings = {
				ALWAYS_SEARCH_USER_PATHS = NO;
				CLANG_ANALYZER_NONNULL = YES;
				CLANG_ANALYZER_NUMBER_OBJECT_CONVERSION = YES_AGGRESSIVE;
				CLANG_CXX_LANGUAGE_STANDARD = "gnu++17";
				CLANG_CXX_LIBRARY = "libc++";
				CLANG_ENABLE_MODULES = YES;
				CLANG_ENABLE_OBJC_ARC = YES;
				CLANG_ENABLE_OBJC_WEAK = YES;
				CLANG_WARN_BLOCK_CAPTURE_AUTORELEASING = YES;
				CLANG_WARN_BOOL_CONVERSION = YES;
				CLANG_WARN_COMMA = YES;
				CLANG_WARN_CONSTANT_CONVERSION = YES;
				CLANG_WARN_DEPRECATED_OBJC_IMPLEMENTATIONS = YES;
				CLANG_WARN_DIRECT_OBJC_ISA_USAGE = YES_ERROR;
				CLANG_WARN_DOCUMENTATION_COMMENTS = YES;
				CLANG_WARN_EMPTY_BODY = YES;
				CLANG_WARN_ENUM_CONVERSION = YES;
				CLANG_WARN_INFINITE_RECURSION = YES;
				CLANG_WARN_INT_CONVERSION = YES;
				CLANG_WARN_NON_LITERAL_NULL_CONVERSION = YES;
				CLANG_WARN_OBJC_IMPLICIT_RETAIN_SELF = YES;
				CLANG_WARN_OBJC_LITERAL_CONVERSION = YES;
				CLANG_WARN_OBJC_ROOT_CLASS = YES_ERROR;
				CLANG_WARN_QUOTED_INCLUDE_IN_FRAMEWORK_HEADER = YES;
				CLANG_WARN_RANGE_LOOP_ANALYSIS = YES;
				CLANG_WARN_STRICT_PROTOTYPES = YES;
				CLANG_WARN_SUSPICIOUS_MOVE = YES;
				CLANG_WARN_UNGUARDED_AVAILABILITY = YES_AGGRESSIVE;
				CLANG_WARN_UNREACHABLE_CODE = YES;
				CLANG_WARN__DUPLICATE_METHOD_MATCH = YES;
				COPY_PHASE_STRIP = NO;
				DEBUG_INFORMATION_FORMAT = "dwarf-with-dsym";
				ENABLE_NS_ASSERTIONS = NO;
				ENABLE_STRICT_OBJC_MSGSEND = YES;
				GCC_C_LANGUAGE_STANDARD = gnu11;
				GCC_NO_COMMON_BLOCKS = YES;
				GCC_WARN_64_TO_32_BIT_CONVERSION = YES;
				GCC_WARN_ABOUT_RETURN_TYPE = YES_ERROR;
				GCC_WARN_UNDECLARED_SELECTOR = YES;
				GCC_WARN_UNINITIALIZED_AUTOS = YES_AGGRESSIVE;
				GCC_WARN_UNUSED_FUNCTION = YES;
				GCC_WARN_UNUSED_VARIABLE = YES;
				IPHONEOS_DEPLOYMENT_TARGET = 15.0;
				MTL_ENABLE_DEBUG_INFO = NO;
				MTL_FAST_MATH = YES;
				SDKROOT = iphoneos;
				SWIFT_COMPILATION_MODE = wholemodule;
				SWIFT_OPTIMIZATION_LEVEL = "-O";
				VALIDATE_PRODUCT = YES;
			};
			name = Release;
		};
		ABB4E1A927506E8F00F5D38A /* Debug */ = {
			isa = XCBuildConfiguration;
			buildSettings = {
				ASSETCATALOG_COMPILER_APPICON_NAME = AppIcon;
				ASSETCATALOG_COMPILER_GLOBAL_ACCENT_COLOR_NAME = AccentColor;
				CODE_SIGN_STYLE = Automatic;
				CURRENT_PROJECT_VERSION = 1;
				DEVELOPMENT_TEAM = HP8UCH6BR3;
				GENERATE_INFOPLIST_FILE = YES;
				INFOPLIST_FILE = "Movil-UTTv/Info.plist";
				INFOPLIST_KEY_UIApplicationSupportsIndirectInputEvents = YES;
				INFOPLIST_KEY_UILaunchStoryboardName = LaunchScreen;
				INFOPLIST_KEY_UIMainStoryboardFile = Main;
				INFOPLIST_KEY_UISupportedInterfaceOrientations_iPad = "UIInterfaceOrientationPortrait UIInterfaceOrientationPortraitUpsideDown UIInterfaceOrientationLandscapeLeft UIInterfaceOrientationLandscapeRight";
				INFOPLIST_KEY_UISupportedInterfaceOrientations_iPhone = "UIInterfaceOrientationPortrait UIInterfaceOrientationLandscapeLeft UIInterfaceOrientationLandscapeRight";
				LD_RUNPATH_SEARCH_PATHS = (
					"$(inherited)",
					"@executable_path/Frameworks",
				);
				MARKETING_VERSION = 1.0;
				PRODUCT_BUNDLE_IDENTIFIER = "utt.Movil-UTTv";
				PRODUCT_NAME = "$(TARGET_NAME)";
				SWIFT_EMIT_LOC_STRINGS = YES;
				SWIFT_VERSION = 5.0;
				TARGETED_DEVICE_FAMILY = "1,2";
			};
			name = Debug;
		};
		ABB4E1AA27506E8F00F5D38A /* Release */ = {
			isa = XCBuildConfiguration;
			buildSettings = {
				ASSETCATALOG_COMPILER_APPICON_NAME = AppIcon;
				ASSETCATALOG_COMPILER_GLOBAL_ACCENT_COLOR_NAME = AccentColor;
				CODE_SIGN_STYLE = Automatic;
				CURRENT_PROJECT_VERSION = 1;
				DEVELOPMENT_TEAM = HP8UCH6BR3;
				GENERATE_INFOPLIST_FILE = YES;
				INFOPLIST_FILE = "Movil-UTTv/Info.plist";
				INFOPLIST_KEY_UIApplicationSupportsIndirectInputEvents = YES;
				INFOPLIST_KEY_UILaunchStoryboardName = LaunchScreen;
				INFOPLIST_KEY_UIMainStoryboardFile = Main;
				INFOPLIST_KEY_UISupportedInterfaceOrientations_iPad = "UIInterfaceOrientationPortrait UIInterfaceOrientationPortraitUpsideDown UIInterfaceOrientationLandscapeLeft UIInterfaceOrientationLandscapeRight";
				INFOPLIST_KEY_UISupportedInterfaceOrientations_iPhone = "UIInterfaceOrientationPortrait UIInterfaceOrientationLandscapeLeft UIInterfaceOrientationLandscapeRight";
				LD_RUNPATH_SEARCH_PATHS = (
					"$(inherited)",
					"@executable_path/Frameworks",
				);
				MARKETING_VERSION = 1.0;
				PRODUCT_BUNDLE_IDENTIFIER = "utt.Movil-UTTv";
				PRODUCT_NAME = "$(TARGET_NAME)";
				SWIFT_EMIT_LOC_STRINGS = YES;
				SWIFT_VERSION = 5.0;
				TARGETED_DEVICE_FAMILY = "1,2";
			};
			name = Release;
		};
		ABB4E1AC27506E8F00F5D38A /* Debug */ = {
			isa = XCBuildConfiguration;
			buildSettings = {
				ALWAYS_EMBED_SWIFT_STANDARD_LIBRARIES = YES;
				BUNDLE_LOADER = "$(TEST_HOST)";
				CODE_SIGN_STYLE = Automatic;
				CURRENT_PROJECT_VERSION = 1;
				GENERATE_INFOPLIST_FILE = YES;
				IPHONEOS_DEPLOYMENT_TARGET = 15.0;
				LD_RUNPATH_SEARCH_PATHS = (
					"$(inherited)",
					"@executable_path/Frameworks",
					"@loader_path/Frameworks",
				);
				MARKETING_VERSION = 1.0;
				PRODUCT_BUNDLE_IDENTIFIER = "utt.Movil-UTTvTests";
				PRODUCT_NAME = "$(TARGET_NAME)";
				SWIFT_EMIT_LOC_STRINGS = NO;
				SWIFT_VERSION = 5.0;
				TARGETED_DEVICE_FAMILY = "1,2";
				TEST_HOST = "$(BUILT_PRODUCTS_DIR)/Movil-UTTv.app/Movil-UTTv";
			};
			name = Debug;
		};
		ABB4E1AD27506E8F00F5D38A /* Release */ = {
			isa = XCBuildConfiguration;
			buildSettings = {
				ALWAYS_EMBED_SWIFT_STANDARD_LIBRARIES = YES;
				BUNDLE_LOADER = "$(TEST_HOST)";
				CODE_SIGN_STYLE = Automatic;
				CURRENT_PROJECT_VERSION = 1;
				GENERATE_INFOPLIST_FILE = YES;
				IPHONEOS_DEPLOYMENT_TARGET = 15.0;
				LD_RUNPATH_SEARCH_PATHS = (
					"$(inherited)",
					"@executable_path/Frameworks",
					"@loader_path/Frameworks",
				);
				MARKETING_VERSION = 1.0;
				PRODUCT_BUNDLE_IDENTIFIER = "utt.Movil-UTTvTests";
				PRODUCT_NAME = "$(TARGET_NAME)";
				SWIFT_EMIT_LOC_STRINGS = NO;
				SWIFT_VERSION = 5.0;
				TARGETED_DEVICE_FAMILY = "1,2";
				TEST_HOST = "$(BUILT_PRODUCTS_DIR)/Movil-UTTv.app/Movil-UTTv";
			};
			name = Release;
		};
		ABB4E1AF27506E8F00F5D38A /* Debug */ = {
			isa = XCBuildConfiguration;
			buildSettings = {
				ALWAYS_EMBED_SWIFT_STANDARD_LIBRARIES = YES;
				CODE_SIGN_STYLE = Automatic;
				CURRENT_PROJECT_VERSION = 1;
				GENERATE_INFOPLIST_FILE = YES;
				LD_RUNPATH_SEARCH_PATHS = (
					"$(inherited)",
					"@executable_path/Frameworks",
					"@loader_path/Frameworks",
				);
				MARKETING_VERSION = 1.0;
				PRODUCT_BUNDLE_IDENTIFIER = "utt.Movil-UTTvUITests";
				PRODUCT_NAME = "$(TARGET_NAME)";
				SWIFT_EMIT_LOC_STRINGS = NO;
				SWIFT_VERSION = 5.0;
				TARGETED_DEVICE_FAMILY = "1,2";
				TEST_TARGET_NAME = "Movil-UTTv";
			};
			name = Debug;
		};
		ABB4E1B027506E8F00F5D38A /* Release */ = {
			isa = XCBuildConfiguration;
			buildSettings = {
				ALWAYS_EMBED_SWIFT_STANDARD_LIBRARIES = YES;
				CODE_SIGN_STYLE = Automatic;
				CURRENT_PROJECT_VERSION = 1;
				GENERATE_INFOPLIST_FILE = YES;
				LD_RUNPATH_SEARCH_PATHS = (
					"$(inherited)",
					"@executable_path/Frameworks",
					"@loader_path/Frameworks",
				);
				MARKETING_VERSION = 1.0;
				PRODUCT_BUNDLE_IDENTIFIER = "utt.Movil-UTTvUITests";
				PRODUCT_NAME = "$(TARGET_NAME)";
				SWIFT_EMIT_LOC_STRINGS = NO;
				SWIFT_VERSION = 5.0;
				TARGETED_DEVICE_FAMILY = "1,2";
				TEST_TARGET_NAME = "Movil-UTTv";
			};
			name = Release;
		};
/* End XCBuildConfiguration section */

/* Begin XCConfigurationList section */
		ABB4E17927506E8B00F5D38A /* Build configuration list for PBXProject "Movil-UTTv" */ = {
			isa = XCConfigurationList;
			buildConfigurations = (
				ABB4E1A627506E8F00F5D38A /* Debug */,
				ABB4E1A727506E8F00F5D38A /* Release */,
			);
			defaultConfigurationIsVisible = 0;
			defaultConfigurationName = Release;
		};
		ABB4E1A827506E8F00F5D38A /* Build configuration list for PBXNativeTarget "Movil-UTTv" */ = {
			isa = XCConfigurationList;
			buildConfigurations = (
				ABB4E1A927506E8F00F5D38A /* Debug */,
				ABB4E1AA27506E8F00F5D38A /* Release */,
			);
			defaultConfigurationIsVisible = 0;
			defaultConfigurationName = Release;
		};
		ABB4E1AB27506E8F00F5D38A /* Build configuration list for PBXNativeTarget "Movil-UTTvTests" */ = {
			isa = XCConfigurationList;
			buildConfigurations = (
				ABB4E1AC27506E8F00F5D38A /* Debug */,
				ABB4E1AD27506E8F00F5D38A /* Release */,
			);
			defaultConfigurationIsVisible = 0;
			defaultConfigurationName = Release;
		};
		ABB4E1AE27506E8F00F5D38A /* Build configuration list for PBXNativeTarget "Movil-UTTvUITests" */ = {
			isa = XCConfigurationList;
			buildConfigurations = (
				ABB4E1AF27506E8F00F5D38A /* Debug */,
				ABB4E1B027506E8F00F5D38A /* Release */,
			);
			defaultConfigurationIsVisible = 0;
			defaultConfigurationName = Release;
		};
/* End XCConfigurationList section */
	};
	rootObject = ABB4E17627506E8B00F5D38A /* Project object */;
}
